
Microsoft Visual Studio Solution File, Format Version 12.00
# Visual Studio Version 17
VisualStudioVersion = 17.0.31903.59
MinimumVisualStudioVersion = 10.0.40219.1
Project("{2150E333-8FDC-42A3-9474-1A3956D46DE8}") = "Api", "Api", "{D82C56D6-B2CD-F611-9E31-04638F7EC30E}"
EndProject
Project("{2150E333-8FDC-42A3-9474-1A3956D46DE8}") = "Modules", "Modules", "{CA253913-39DE-BFD0-C9A3-4B7EC6FBDF17}"
EndProject
Project("{2150E333-8FDC-42A3-9474-1A3956D46DE8}") = "Shared", "Shared", "{4F52FD11-658E-A102-6CD3-7D7C16FFA15B}"
EndProject
Project("{FAE04EC0-301F-11D3-BF4B-00C04F79EFBC}") = "Eshop.Api", "Api\Eshop.Api\Eshop.Api.csproj", "{B4E75E5B-4DD2-4BBF-AB34-6D70BED4207A}"
EndProject
Project("{2150E333-8FDC-42A3-9474-1A3956D46DE8}") = "Basket", "Basket", "{F3641347-575C-25D8-9B5A-9F596AE29D95}"
EndProject
Project("{2150E333-8FDC-42A3-9474-1A3956D46DE8}") = "Catalog", "Catalog", "{729B03C7-1C3E-5EDD-EDB4-38F58E22BDF1}"
EndProject
Project("{2150E333-8FDC-42A3-9474-1A3956D46DE8}") = "Ordering", "Ordering", "{27F90384-215D-F033-2E44-812BACF6D1B0}"
EndProject
Project("{FAE04EC0-301F-11D3-BF4B-00C04F79EFBC}") = "Eshop.Catalog", "Modules\Catalog\Eshop.Catalog\Eshop.Catalog.csproj", "{63909E68-CA28-4646-94E5-4CF7109B43B3}"
EndProject
Project("{FAE04EC0-301F-11D3-BF4B-00C04F79EFBC}") = "Eshop.Basket", "Modules\Basket\Eshop.Basket\Eshop.Basket.csproj", "{508233F9-9824-454B-9902-943B1D62A8B4}"
EndProject
Project("{FAE04EC0-301F-11D3-BF4B-00C04F79EFBC}") = "Eshop.Ordering", "Modules\Ordering\Eshop.Ordering\Eshop.Ordering.csproj", "{A731AB2B-B06C-4037-8187-10147BD3718F}"
EndProject
Project("{FAE04EC0-301F-11D3-BF4B-00C04F79EFBC}") = "Eshop.Shared", "Shared\Eshop.Shared\Eshop.Shared.csproj", "{348C94C2-621D-4416-8AD8-AA53D3A65BDB}"
EndProject
Project("{2150E333-8FDC-42A3-9474-1A3956D46DE8}") = "Solution Items", "Solution Items", "{916E2BAF-8D5E-4C26-8510-33570ECAEFF4}"
	ProjectSection(SolutionItems) = preProject
		compose.yaml = compose.yaml
		compose.override.yaml = compose.override.yaml
	EndProjectSection
EndProject
Global
	GlobalSection(SolutionConfigurationPlatforms) = preSolution
		Debug|Any CPU = Debug|Any CPU
		Release|Any CPU = Release|Any CPU
	EndGlobalSection
	GlobalSection(ProjectConfigurationPlatforms) = postSolution
		{B4E75E5B-4DD2-4BBF-AB34-6D70BED4207A}.Debug|Any CPU.ActiveCfg = Debug|Any CPU
		{B4E75E5B-4DD2-4BBF-AB34-6D70BED4207A}.Debug|Any CPU.Build.0 = Debug|Any CPU
		{B4E75E5B-4DD2-4BBF-AB34-6D70BED4207A}.Release|Any CPU.ActiveCfg = Release|Any CPU
		{B4E75E5B-4DD2-4BBF-AB34-6D70BED4207A}.Release|Any CPU.Build.0 = Release|Any CPU
		{63909E68-CA28-4646-94E5-4CF7109B43B3}.Debug|Any CPU.ActiveCfg = Debug|Any CPU
		{63909E68-CA28-4646-94E5-4CF7109B43B3}.Debug|Any CPU.Build.0 = Debug|Any CPU
		{63909E68-CA28-4646-94E5-4CF7109B43B3}.Release|Any CPU.ActiveCfg = Release|Any CPU
		{63909E68-CA28-4646-94E5-4CF7109B43B3}.Release|Any CPU.Build.0 = Release|Any CPU
		{508233F9-9824-454B-9902-943B1D62A8B4}.Debug|Any CPU.ActiveCfg = Debug|Any CPU
		{508233F9-9824-454B-9902-943B1D62A8B4}.Debug|Any CPU.Build.0 = Debug|Any CPU
		{508233F9-9824-454B-9902-943B1D62A8B4}.Release|Any CPU.ActiveCfg = Release|Any CPU
		{508233F9-9824-454B-9902-943B1D62A8B4}.Release|Any CPU.Build.0 = Release|Any CPU
		{A731AB2B-B06C-4037-8187-10147BD3718F}.Debug|Any CPU.ActiveCfg = Debug|Any CPU
		{A731AB2B-B06C-4037-8187-10147BD3718F}.Debug|Any CPU.Build.0 = Debug|Any CPU
		{A731AB2B-B06C-4037-8187-10147BD3718F}.Release|Any CPU.ActiveCfg = Release|Any CPU
		{A731AB2B-B06C-4037-8187-10147BD3718F}.Release|Any CPU.Build.0 = Release|Any CPU
		{348C94C2-621D-4416-8AD8-AA53D3A65BDB}.Debug|Any CPU.ActiveCfg = Debug|Any CPU
		{348C94C2-621D-4416-8AD8-AA53D3A65BDB}.Debug|Any CPU.Build.0 = Debug|Any CPU
		{348C94C2-621D-4416-8AD8-AA53D3A65BDB}.Release|Any CPU.ActiveCfg = Release|Any CPU
		{348C94C2-621D-4416-8AD8-AA53D3A65BDB}.Release|Any CPU.Build.0 = Release|Any CPU
	EndGlobalSection
	GlobalSection(SolutionProperties) = preSolution
		HideSolutionNode = FALSE
	EndGlobalSection
	GlobalSection(NestedProjects) = preSolution
		{B4E75E5B-4DD2-4BBF-AB34-6D70BED4207A} = {D82C56D6-B2CD-F611-9E31-04638F7EC30E}
		{F3641347-575C-25D8-9B5A-9F596AE29D95} = {CA253913-39DE-BFD0-C9A3-4B7EC6FBDF17}
		{729B03C7-1C3E-5EDD-EDB4-38F58E22BDF1} = {CA253913-39DE-BFD0-C9A3-4B7EC6FBDF17}
		{27F90384-215D-F033-2E44-812BACF6D1B0} = {CA253913-39DE-BFD0-C9A3-4B7EC6FBDF17}
		{63909E68-CA28-4646-94E5-4CF7109B43B3} = {729B03C7-1C3E-5EDD-EDB4-38F58E22BDF1}
		{508233F9-9824-454B-9902-943B1D62A8B4} = {F3641347-575C-25D8-9B5A-9F596AE29D95}
		{A731AB2B-B06C-4037-8187-10147BD3718F} = {27F90384-215D-F033-2E44-812BACF6D1B0}
		{348C94C2-621D-4416-8AD8-AA53D3A65BDB} = {4F52FD11-658E-A102-6CD3-7D7C16FFA15B}
	EndGlobalSection
EndGlobal
